
Microsoft Visual Studio Solution File, Format Version 12.00
# Visual Studio 15
VisualStudioVersion = 15.0.27428.2027
MinimumVisualStudioVersion = 10.0.40219.1
Project("{FAE04EC0-301F-11D3-BF4B-00C04F79EFBC}") = "HTTP_Downloader", "HTTP_Downloader.csproj", "{127DDFAA-393B-4678-8D83-F5F5CF31B52B}"
EndProject
Project("{FAE04EC0-301F-11D3-BF4B-00C04F79EFBC}") = "DownloadFile.UnitTest", "DownloadFile.UnitTest\DownloadFile.UnitTest.csproj", "{C60B6634-5E30-45DB-9155-A7028421CD98}"
EndProject
Global
	GlobalSection(SolutionConfigurationPlatforms) = preSolution
		Debug|Any CPU = Debug|Any CPU
		Release|Any CPU = Release|Any CPU
	EndGlobalSection
	GlobalSection(ProjectConfigurationPlatforms) = postSolution
		{127DDFAA-393B-4678-8D83-F5F5CF31B52B}.Debug|Any CPU.ActiveCfg = Debug|Any CPU
		{127DDFAA-393B-4678-8D83-F5F5CF31B52B}.Debug|Any CPU.Build.0 = Debug|Any CPU
		{127DDFAA-393B-4678-8D83-F5F5CF31B52B}.Release|Any CPU.ActiveCfg = Release|Any CPU
		{127DDFAA-393B-4678-8D83-F5F5CF31B52B}.Release|Any CPU.Build.0 = Release|Any CPU
		{C60B6634-5E30-45DB-9155-A7028421CD98}.Debug|Any CPU.ActiveCfg = Debug|Any CPU
		{C60B6634-5E30-45DB-9155-A7028421CD98}.Debug|Any CPU.Build.0 = Debug|Any CPU
		{C60B6634-5E30-45DB-9155-A7028421CD98}.Release|Any CPU.ActiveCfg = Release|Any CPU
		{C60B6634-5E30-45DB-9155-A7028421CD98}.Release|Any CPU.Build.0 = Release|Any CPU
	EndGlobalSection
	GlobalSection(SolutionProperties) = preSolution
		HideSolutionNode = FALSE
	EndGlobalSection
	GlobalSection(ExtensibilityGlobals) = postSolution
		SolutionGuid = {D8C3C694-9DA8-4272-8522-A61C8A89819D}
	EndGlobalSection
EndGlobal
